{
    "requires": true,
    "lockfileVersion": 1,
    "dependencies": {
        "google-libphonenumber": {
            "version": "3.2.5",
            "resolved": "https://registry.npmjs.org/google-libphonenumber/-/google-libphonenumber-3.2.5.tgz",
            "integrity": "sha512-Y0r7MFCI11UDLn0KaMPBEInhROyIOkWkQIyvWMFVF2I+h+sHE3vbl5a7FVe39td6u/w+nlKDdUMP9dMOZyv+2Q=="
        }
    }
}
